
Microsoft Visual Studio Solution File, Format Version 12.00
# Visual Studio Version 17
VisualStudioVersion = 17.8.34511.84
MinimumVisualStudioVersion = 10.0.40219.1
Project("{FAE04EC0-301F-11D3-BF4B-00C04F79EFBC}") = "Ejercicio_Interfaces", "Ejercicio_Interfaces\Ejercicio_Interfaces.csproj", "{723405EB-6386-40D7-950A-5411DEE94F11}"
EndProject
Global
	GlobalSection(SolutionConfigurationPlatforms) = preSolution
		Debug|Any CPU = Debug|Any CPU
		Release|Any CPU = Release|Any CPU
	EndGlobalSection
	GlobalSection(ProjectConfigurationPlatforms) = postSolution
		{723405EB-6386-40D7-950A-5411DEE94F11}.Debug|Any CPU.ActiveCfg = Debug|Any CPU
		{723405EB-6386-40D7-950A-5411DEE94F11}.Debug|Any CPU.Build.0 = Debug|Any CPU
		{723405EB-6386-40D7-950A-5411DEE94F11}.Release|Any CPU.ActiveCfg = Release|Any CPU
		{723405EB-6386-40D7-950A-5411DEE94F11}.Release|Any CPU.Build.0 = Release|Any CPU
	EndGlobalSection
	GlobalSection(SolutionProperties) = preSolution
		HideSolutionNode = FALSE
	EndGlobalSection
	GlobalSection(ExtensibilityGlobals) = postSolution
		SolutionGuid = {3D115BB2-0C0E-4A0B-B68D-C6C8B022F190}
	EndGlobalSection
EndGlobal
